{
  "name": "sandbox.mbt",
  "lockfileVersion": 3,
  "requires": true,
  "packages": {
    "": {
      "dependencies": {
        "@moonbit/moonc-worker": "^0.1.202601213"
      }
    },
    "node_modules/@moonbit/moonc-worker": {
      "version": "0.1.202601213",
      "resolved": "https://registry.npmjs.org/@moonbit/moonc-worker/-/moonc-worker-0.1.202601213.tgz",
      "integrity": "sha512-tScGGD0uvlcEDD7y3gZb+dWHNPuJ/qf54lQDshIce/sepliOfbI7VfbCL/JZGMZgGhMnp+OAO/JsFEs9vi6ZIQ=="
    }
  }
}
